{
  "name": "learn-polymer-starter-kit",
  "version": "1.0.0",
  "lockfileVersion": 1,
  "requires": true,
  "dependencies": {
    "@polymer/app-layout": {
      "version": "3.0.0-pre.7",
      "resolved": "https://registry.npmjs.org/@polymer/app-layout/-/app-layout-3.0.0-pre.7.tgz",
      "integrity": "sha512-Qjavmngsv1uhtmgyk/ujLACG/KWQtVus7J18EAzELniOWrBuGth/8zG7yfDWO5kipvlXBiohsgwVDyls/4nM8A==",
      "requires": {
        "@polymer/iron-flex-layout": "3.0.0-pre.7",
        "@polymer/iron-media-query": "3.0.0-pre.7",
        "@polymer/iron-resizable-behavior": "3.0.0-pre.7",
        "@polymer/iron-scroll-target-behavior": "3.0.0-pre.7",
        "@polymer/polymer": "3.0.0-pre.7"
      }
    },
    "@polymer/app-route": {
      "version": "3.0.0-pre.7",
      "resolved": "https://registry.npmjs.org/@polymer/app-route/-/app-route-3.0.0-pre.7.tgz",
      "integrity": "sha512-YumMXDNJ7NQax/lWfan7gQ1b5j01eqJR3xliZx3Z7i8tfxbsXLsaI+SZu/r4RwIrcAuSSem49t603ZI+9r+atA==",
      "requires": {
        "@polymer/iron-location": "3.0.0-pre.7",
        "@polymer/polymer": "3.0.0-pre.7"
      }
    },
    "@polymer/font-roboto": {
      "version": "3.0.0-pre.7",
      "resolved": "https://registry.npmjs.org/@polymer/font-roboto/-/font-roboto-3.0.0-pre.7.tgz",
      "integrity": "sha512-Sv7uUaNvhufjwnvYwLEKGOwW537Orez8mD+NF4o8plgkOJq0ahAY4YP/x7lYu60koXFiDZiMh0SaF0//WO0YIQ=="
    },
    "@polymer/iron-a11y-announcer": {
      "version": "3.0.0-pre.7",
      "resolved": "https://registry.npmjs.org/@polymer/iron-a11y-announcer/-/iron-a11y-announcer-3.0.0-pre.7.tgz",
      "integrity": "sha512-MzNLMoMDQomwB7F5T9DgKPnYSwpFp720E96Xw5/2PJCXuUk957D0O4atp8cRiSDFeYC8Uz5cGkWT7bkBnHZvow==",
      "requires": {
        "@polymer/polymer": "3.0.0-pre.7"
      }
    },
    "@polymer/iron-a11y-keys-behavior": {
      "version": "3.0.0-pre.7",
      "resolved": "https://registry.npmjs.org/@polymer/iron-a11y-keys-behavior/-/iron-a11y-keys-behavior-3.0.0-pre.7.tgz",
      "integrity": "sha512-OxlbfYbPF30cy9S1DHbS0ijxc61/EbibvFBWbfkSZc0Tn4/GPKjb3pw9KzYhsjUS6gK3FDZUM9pv/uX3YUFLKA==",
      "requires": {
        "@polymer/polymer": "3.0.0-pre.7"
      }
    },
    "@polymer/iron-autogrow-textarea": {
      "version": "3.0.0-pre.7",
      "resolved": "https://registry.npmjs.org/@polymer/iron-autogrow-textarea/-/iron-autogrow-textarea-3.0.0-pre.7.tgz",
      "integrity": "sha512-0cVatI6v8KOFEfC1MCWAkcsT4iMX8xLl2mlnp8COxzPelpumdYmZ9DZjdIX35Zi2g/4MMTYCC25S/uzijjsa3g==",
      "requires": {
        "@polymer/iron-behaviors": "3.0.0-pre.7",
        "@polymer/iron-flex-layout": "3.0.0-pre.7",
        "@polymer/iron-validatable-behavior": "3.0.0-pre.7",
        "@polymer/polymer": "3.0.0-pre.7"
      }
    },
    "@polymer/iron-behaviors": {
      "version": "3.0.0-pre.7",
      "resolved": "https://registry.npmjs.org/@polymer/iron-behaviors/-/iron-behaviors-3.0.0-pre.7.tgz",
      "integrity": "sha512-LEicwuGy4R3Wsv14zlow8XTq2HaVLWaF3J3QnTX7be3fb3FCXywPMgZ8KjqUqon/IKVuH5RXbJTq4Alavg04rQ==",
      "requires": {
        "@polymer/iron-a11y-keys-behavior": "3.0.0-pre.7",
        "@polymer/polymer": "3.0.0-pre.7"
      }
    },
    "@polymer/iron-checked-element-behavior": {
      "version": "3.0.0-pre.7",
      "resolved": "https://registry.npmjs.org/@polymer/iron-checked-element-behavior/-/iron-checked-element-behavior-3.0.0-pre.7.tgz",
      "integrity": "sha512-Fjd7j5Bc049bW4X+uIX5HUXnUk+f5cChRggSAAGYpBHPWHHT4dWvgirYvglFGrcsWLIjxQQe/bEqzWlh854/oQ==",
      "requires": {
        "@polymer/iron-form-element-behavior": "3.0.0-pre.7",
        "@polymer/iron-validatable-behavior": "3.0.0-pre.7",
        "@polymer/polymer": "3.0.0-pre.7"
      }
    },
    "@polymer/iron-flex-layout": {
      "version": "3.0.0-pre.7",
      "resolved": "https://registry.npmjs.org/@polymer/iron-flex-layout/-/iron-flex-layout-3.0.0-pre.7.tgz",
      "integrity": "sha512-qxvUytGxDBM+uellYMERFn4pBeG8Z1usqQydsJZHqzc9TbgMlmMvkg9G19+j77vsCM6DcRwUWiBq1r84zwYQoQ==",
      "requires": {
        "@polymer/polymer": "3.0.0-pre.7"
      }
    },
    "@polymer/iron-form-element-behavior": {
      "version": "3.0.0-pre.7",
      "resolved": "https://registry.npmjs.org/@polymer/iron-form-element-behavior/-/iron-form-element-behavior-3.0.0-pre.7.tgz",
      "integrity": "sha512-BPZM1JfeSB15ZkZn2p9VlT1ib9uKXOabrg+kLNTTrUETZIdim1e0CplNbK8eakwRTvbv8mZB4QiglvByFnT/pg==",
      "requires": {
        "@polymer/polymer": "3.0.0-pre.7"
      }
    },
    "@polymer/iron-icon": {
      "version": "3.0.0-pre.7",
      "resolved": "https://registry.npmjs.org/@polymer/iron-icon/-/iron-icon-3.0.0-pre.7.tgz",
      "integrity": "sha512-BHk1Ep/MbEg5FUDTf3xS8ncyPrM89PzyRzUY1GDiCLqoKF6k4+KcdNLbRghapZbc6+L39Xm0arL57iYz6kaauw==",
      "requires": {
        "@polymer/iron-flex-layout": "3.0.0-pre.7",
        "@polymer/iron-meta": "3.0.0-pre.7",
        "@polymer/polymer": "3.0.0-pre.7"
      }
    },
    "@polymer/iron-icons": {
      "version": "3.0.0-pre.7",
      "resolved": "https://registry.npmjs.org/@polymer/iron-icons/-/iron-icons-3.0.0-pre.7.tgz",
      "integrity": "sha512-q8VP+/19zQjQvPJjKqSRAoUREzOH+VZJvVm0pTvTOHmcNDbkRW72+uQ5CH6X/p6O2VWXlcWqiU11iFkTXGsgYg==",
      "requires": {
        "@polymer/iron-icon": "3.0.0-pre.7",
        "@polymer/iron-iconset-svg": "3.0.0-pre.7",
        "@polymer/polymer": "3.0.0-pre.7"
      }
    },
    "@polymer/iron-iconset-svg": {
      "version": "3.0.0-pre.7",
      "resolved": "https://registry.npmjs.org/@polymer/iron-iconset-svg/-/iron-iconset-svg-3.0.0-pre.7.tgz",
      "integrity": "sha512-ADgE0LrVOjtRYqD+SsBadywK2rgWgzUpWOtcide74LC61uWjMK5tfodoyUPruc/qU8pg7mxQoSAspcGNzaynEw==",
      "requires": {
        "@polymer/iron-meta": "3.0.0-pre.7",
        "@polymer/polymer": "3.0.0-pre.7"
      }
    },
    "@polymer/iron-image": {
      "version": "3.0.0-pre.7",
      "resolved": "https://registry.npmjs.org/@polymer/iron-image/-/iron-image-3.0.0-pre.7.tgz",
      "integrity": "sha512-z+zkq4kBprKkNOCL9p8Zw6deZtNj7y8E+wXaCq8HvOtmpyIRfpBxsVAam+RFv+NsDwHyaTJg6ZacAQURNTGYjw==",
      "requires": {
        "@polymer/polymer": "3.0.0-pre.7"
      }
    },
    "@polymer/iron-input": {
      "version": "3.0.0-pre.7",
      "resolved": "https://registry.npmjs.org/@polymer/iron-input/-/iron-input-3.0.0-pre.7.tgz",
      "integrity": "sha512-Rm8u3rJj3jObHEFynXXt65/Eo6gsWT0mBAeUF3aQu18Oh+dSKfpDbehnQQV6lPhCJLsMrFt8W52ht7Z8y2WXaw==",
      "requires": {
        "@polymer/iron-a11y-announcer": "3.0.0-pre.7",
        "@polymer/iron-validatable-behavior": "3.0.0-pre.7",
        "@polymer/polymer": "3.0.0-pre.7"
      }
    },
    "@polymer/iron-list": {
      "version": "3.0.0-pre.7",
      "resolved": "https://registry.npmjs.org/@polymer/iron-list/-/iron-list-3.0.0-pre.7.tgz",
      "integrity": "sha512-md+0o0aMnHuqsdYh6f385KWVBmb4q5NmXcaH/ATBkodtwFva5tlre/RlwygiGnnNkqEr3KP3EK+TWOiPEm5eGg==",
      "requires": {
        "@polymer/iron-a11y-keys-behavior": "3.0.0-pre.7",
        "@polymer/iron-resizable-behavior": "3.0.0-pre.7",
        "@polymer/iron-scroll-target-behavior": "3.0.0-pre.7",
        "@polymer/polymer": "3.0.0-pre.7"
      }
    },
    "@polymer/iron-location": {
      "version": "3.0.0-pre.7",
      "resolved": "https://registry.npmjs.org/@polymer/iron-location/-/iron-location-3.0.0-pre.7.tgz",
      "integrity": "sha512-AUOyMOu7316Ne/Pp4uIG3R8KRmd18YlucibucYkbp2WiLFsjOMDJDpTLNc7poyBFjno3G6cq52ULah6roYw6qA==",
      "requires": {
        "@polymer/polymer": "3.0.0-pre.7"
      }
    },
    "@polymer/iron-media-query": {
      "version": "3.0.0-pre.7",
      "resolved": "https://registry.npmjs.org/@polymer/iron-media-query/-/iron-media-query-3.0.0-pre.7.tgz",
      "integrity": "sha512-mZLQ6Y9JxbkGZHMffdvi6h0Q2S2IWJNlnwj0Is7GaN8L4KDDuNK6W0+33+roCMIR/A1RnTujNgjvCxn5oLoVwA==",
      "requires": {
        "@polymer/polymer": "3.0.0-pre.7"
      }
    },
    "@polymer/iron-meta": {
      "version": "3.0.0-pre.7",
      "resolved": "https://registry.npmjs.org/@polymer/iron-meta/-/iron-meta-3.0.0-pre.7.tgz",
      "integrity": "sha512-H7adMjnC1QhtBQa6jdhU3LRwteYe0KQT+EBCsarFzMtudEOibY00N79fxHTWzlTZ+HRgF8Qz1UFvsSuDukRIeg==",
      "requires": {
        "@polymer/polymer": "3.0.0-pre.7"
      }
    },
    "@polymer/iron-pages": {
      "version": "3.0.0-pre.7",
      "resolved": "https://registry.npmjs.org/@polymer/iron-pages/-/iron-pages-3.0.0-pre.7.tgz",
      "integrity": "sha512-xpXvvJCq3mPwjL66bCBMG0IT0H5yWpekq18SEYczPawM39xRn3XO9/MQxnbu/fvPNuPjyCgpSIk2VIZogASPhg==",
      "requires": {
        "@polymer/iron-resizable-behavior": "3.0.0-pre.7",
        "@polymer/iron-selector": "3.0.0-pre.7",
        "@polymer/polymer": "3.0.0-pre.7"
      }
    },
    "@polymer/iron-range-behavior": {
      "version": "3.0.0-pre.7",
      "resolved": "https://registry.npmjs.org/@polymer/iron-range-behavior/-/iron-range-behavior-3.0.0-pre.7.tgz",
      "integrity": "sha512-6NHtqfqGv4gLpXsi6gYZXobMeG3ogZfnnNhv9lxblpo0nE1zFAjJQBiyrvhKc44pw+7nvB3kCcT9e9g3/lsEZg==",
      "requires": {
        "@polymer/polymer": "3.0.0-pre.7"
      }
    },
    "@polymer/iron-resizable-behavior": {
      "version": "3.0.0-pre.7",
      "resolved": "https://registry.npmjs.org/@polymer/iron-resizable-behavior/-/iron-resizable-behavior-3.0.0-pre.7.tgz",
      "integrity": "sha512-AJ2HF7prBqdJu5uUpY5RqQuXnRs/aDkFKy4H0koCxpcVi0aYQ9ArViQjihxkClf/0uypwKjSy+lbQTi6NfD7Eg==",
      "requires": {
        "@polymer/polymer": "3.0.0-pre.7"
      }
    },
    "@polymer/iron-scroll-target-behavior": {
      "version": "3.0.0-pre.7",
      "resolved": "https://registry.npmjs.org/@polymer/iron-scroll-target-behavior/-/iron-scroll-target-behavior-3.0.0-pre.7.tgz",
      "integrity": "sha512-bE+yKDNmoYhjOAJo7HC/3XJgp+gEi6ltjeQyysHCw3KS9DaGM86dc07kvbz8QP0G9Wp2QFjh2XwAdrMJ8WeS/Q==",
      "requires": {
        "@polymer/polymer": "3.0.0-pre.7"
      }
    },
    "@polymer/iron-selector": {
      "version": "3.0.0-pre.7",
      "resolved": "https://registry.npmjs.org/@polymer/iron-selector/-/iron-selector-3.0.0-pre.7.tgz",
      "integrity": "sha512-/GO6u6lFLVe35RrNQ1lrQWWGKlRBTA/zFO803VE6cyn8/QostBtpcst6aIG5gkguesgHOkS0NWUvVYcfZTuzsA==",
      "requires": {
        "@polymer/polymer": "3.0.0-pre.7"
      }
    },
    "@polymer/iron-validatable-behavior": {
      "version": "3.0.0-pre.7",
      "resolved": "https://registry.npmjs.org/@polymer/iron-validatable-behavior/-/iron-validatable-behavior-3.0.0-pre.7.tgz",
      "integrity": "sha512-Bk4KMi/MpbSGhzDGCWBNmxo5rAz+S2qcOmFdZyZLkRU5IARC0hh6lnToi/CXUsCNVPp6gfKk/kg5qvTpcn734Q==",
      "requires": {
        "@polymer/iron-meta": "3.0.0-pre.7",
        "@polymer/polymer": "3.0.0-pre.7"
      }
    },
    "@polymer/paper-behaviors": {
      "version": "3.0.0-pre.7",
      "resolved": "https://registry.npmjs.org/@polymer/paper-behaviors/-/paper-behaviors-3.0.0-pre.7.tgz",
      "integrity": "sha512-Whiq54zukSBdn1j0mgKFk1l6zmYLvdWNtCE3QTAgOMVYDl69cONEQbPIF3qU8vx0H5QXFNyIJVFk/SVssj6RVA==",
      "requires": {
        "@polymer/iron-behaviors": "3.0.0-pre.7",
        "@polymer/iron-checked-element-behavior": "3.0.0-pre.7",
        "@polymer/paper-ripple": "3.0.0-pre.7",
        "@polymer/polymer": "3.0.0-pre.7"
      }
    },
    "@polymer/paper-button": {
      "version": "3.0.0-pre.7",
      "resolved": "https://registry.npmjs.org/@polymer/paper-button/-/paper-button-3.0.0-pre.7.tgz",
      "integrity": "sha512-cP5MjtpJ8HYbkLmtRXikhwsrUKt1pSkQPWC/PYwkv9XrTTiFnZw65WXRoMMZ0UPJW61vA4PZcemO+93fua3WzQ==",
      "requires": {
        "@polymer/iron-flex-layout": "3.0.0-pre.7",
        "@polymer/paper-behaviors": "3.0.0-pre.7",
        "@polymer/paper-styles": "3.0.0-pre.7",
        "@polymer/polymer": "3.0.0-pre.7"
      }
    },
    "@polymer/paper-card": {
      "version": "3.0.0-pre.7",
      "resolved": "https://registry.npmjs.org/@polymer/paper-card/-/paper-card-3.0.0-pre.7.tgz",
      "integrity": "sha512-pkQpkeCp/RPvpCakK5xaDmwirLz6Ew0HCXuyyNhHPzzSLApKGtqhq8PF/ll0MCdK0ZVfYZDKKLIx+5aItVkztw==",
      "requires": {
        "@polymer/iron-flex-layout": "3.0.0-pre.7",
        "@polymer/iron-image": "3.0.0-pre.7",
        "@polymer/paper-styles": "3.0.0-pre.7",
        "@polymer/polymer": "3.0.0-pre.7"
      }
    },
    "@polymer/paper-fab": {
      "version": "3.0.0-pre.7",
      "resolved": "https://registry.npmjs.org/@polymer/paper-fab/-/paper-fab-3.0.0-pre.7.tgz",
      "integrity": "sha512-SmCOmg/jedZ3FS+COfztC+2fId5evXVXI+wfYd64sjz0byMmzKOntJy4W366roqPou+reVB4DyDCnv2S2ABRQA==",
      "requires": {
        "@polymer/iron-flex-layout": "3.0.0-pre.7",
        "@polymer/iron-icon": "3.0.0-pre.7",
        "@polymer/paper-behaviors": "3.0.0-pre.7",
        "@polymer/paper-styles": "3.0.0-pre.7",
        "@polymer/polymer": "3.0.0-pre.7"
      }
    },
    "@polymer/paper-icon-button": {
      "version": "3.0.0-pre.7",
      "resolved": "https://registry.npmjs.org/@polymer/paper-icon-button/-/paper-icon-button-3.0.0-pre.7.tgz",
      "integrity": "sha512-FWPytJVTuMNHzWyPWjt1UGfbrACQ6SrbqGfNjvVkBb4sNe4IKNY893N4ekvqpQyvbyuclrlXcoqriocpVUPmUA==",
      "requires": {
        "@polymer/iron-icon": "3.0.0-pre.7",
        "@polymer/paper-behaviors": "3.0.0-pre.7",
        "@polymer/paper-styles": "3.0.0-pre.7",
        "@polymer/polymer": "3.0.0-pre.7"
      }
    },
    "@polymer/paper-input": {
      "version": "3.0.0-pre.7",
      "resolved": "https://registry.npmjs.org/@polymer/paper-input/-/paper-input-3.0.0-pre.7.tgz",
      "integrity": "sha512-paSrWKB9wyw/aEEOd3AsU/Vu4EruEOFTniYI7vyA7RawvU9buBDTMIO2zaIu9RCYrY4II4DuFnecZp9GXb6CQA==",
      "requires": {
        "@polymer/iron-a11y-keys-behavior": "3.0.0-pre.7",
        "@polymer/iron-autogrow-textarea": "3.0.0-pre.7",
        "@polymer/iron-behaviors": "3.0.0-pre.7",
        "@polymer/iron-form-element-behavior": "3.0.0-pre.7",
        "@polymer/iron-input": "3.0.0-pre.7",
        "@polymer/paper-styles": "3.0.0-pre.7",
        "@polymer/polymer": "3.0.0-pre.7"
      }
    },
    "@polymer/paper-item": {
      "version": "3.0.0-pre.7",
      "resolved": "https://registry.npmjs.org/@polymer/paper-item/-/paper-item-3.0.0-pre.7.tgz",
      "integrity": "sha512-7ATs6QaaIZnK+2us5OzxcmvldeNC1cAvNWWJ84qVCfaQIvSYl7beghIzm8L0fSqA7u7KDWfBotUX3uLfXX0jLQ==",
      "requires": {
        "@polymer/iron-behaviors": "3.0.0-pre.7",
        "@polymer/iron-flex-layout": "3.0.0-pre.7",
        "@polymer/paper-styles": "3.0.0-pre.7",
        "@polymer/polymer": "3.0.0-pre.7"
      }
    },
    "@polymer/paper-progress": {
      "version": "3.0.0-pre.7",
      "resolved": "https://registry.npmjs.org/@polymer/paper-progress/-/paper-progress-3.0.0-pre.7.tgz",
      "integrity": "sha512-hqoy6YW4s3cdsPkCm+pZWCBQxJz7ysNOlfMDOwJRcWwImR6KJq1cyDFFTN4jQanR3/cQoupubUmq4L1xdtO0ug==",
      "requires": {
        "@polymer/iron-flex-layout": "3.0.0-pre.7",
        "@polymer/iron-range-behavior": "3.0.0-pre.7",
        "@polymer/paper-styles": "3.0.0-pre.7",
        "@polymer/polymer": "3.0.0-pre.7"
      }
    },
    "@polymer/paper-ripple": {
      "version": "3.0.0-pre.7",
      "resolved": "https://registry.npmjs.org/@polymer/paper-ripple/-/paper-ripple-3.0.0-pre.7.tgz",
      "integrity": "sha512-9ahTV8gwiDKxL43boiVpcDNhhS1VxOtbsDyL6vWxpwms2Vh+S1zSR5C+LQwP+jB+ElQAVBbqq99oRWZFosrmZw==",
      "requires": {
        "@polymer/iron-a11y-keys-behavior": "3.0.0-pre.7",
        "@polymer/polymer": "3.0.0-pre.7"
      }
    },
    "@polymer/paper-styles": {
      "version": "3.0.0-pre.7",
      "resolved": "https://registry.npmjs.org/@polymer/paper-styles/-/paper-styles-3.0.0-pre.7.tgz",
      "integrity": "sha512-ySfKgKXXtjgSF+A6L/Rg2MLrEtAQyoylSSUDwYMLhov/jfNGFazZe6ejffWvK0FWpKJ3VCrYCoypEhH90BpiYA==",
      "requires": {
        "@polymer/font-roboto": "3.0.0-pre.7",
        "@polymer/iron-flex-layout": "3.0.0-pre.7",
        "@polymer/polymer": "3.0.0-pre.7"
      }
    },
    "@polymer/polymer": {
      "version": "3.0.0-pre.7",
      "resolved": "https://registry.npmjs.org/@polymer/polymer/-/polymer-3.0.0-pre.7.tgz",
      "integrity": "sha512-yQXBd0zSaIGd6oSTVpn/oTdiSRrC4GMiL6BQU3Xp7PUGVrKCIbm4ulTbWEzOiWrMrgtaXhnFY3HJxJGD7wARUw==",
      "requires": {
        "@webcomponents/shadycss": "1.1.1",
        "@webcomponents/webcomponentsjs": "1.1.0"
      }
    },
    "@webcomponents/shadycss": {
      "version": "1.1.1",
      "resolved": "https://registry.npmjs.org/@webcomponents/shadycss/-/shadycss-1.1.1.tgz",
      "integrity": "sha512-7iVMw1HU0e5tTxL1OIqw/RBGmnYuz1HUNd7t1UYq7VmoBOl5Zm4g3spUBSksyd97SiXauFlXAeSpA0/in9k+dw=="
    },
    "@webcomponents/webcomponentsjs": {
      "version": "1.1.0",
      "resolved": "https://registry.npmjs.org/@webcomponents/webcomponentsjs/-/webcomponentsjs-1.1.0.tgz",
      "integrity": "sha512-7toNyVlrl7vJnY3PU0eXIK1KWq8phfnEe1IwOdCMxkIl/BfUkUB2aaVs45R0LSx1qxHRnkqj0vlGtskUvKkNkA=="
    }
  }
}
